{
  "version": 4,
  "terraform_version": "1.12.2",
  "serial": 18,
  "lineage": "72bd704b-802b-adc4-e619-091f3f10949b",
  "outputs": {
    "ec2_public_ip": {
      "value": "52.55.169.248",
      "type": "string"
    }
  },
  "resources": [
    {
      "mode": "managed",
      "type": "aws_instance",
      "name": "flask_ec2",
      "provider": "provider[\"registry.terraform.io/hashicorp/aws\"]",
      "instances": [
        {
          "schema_version": 2,
          "attributes": {
            "ami": "ami-053b0d53c279acc90",
            "arn": "arn:aws:ec2:us-east-1:775143001467:instance/i-081fa1c20c3153730",
            "associate_public_ip_address": true,
            "availability_zone": "us-east-1b",
            "capacity_reservation_specification": [
              {
                "capacity_reservation_preference": "open",
                "capacity_reservation_target": []
              }
            ],
            "cpu_options": [
              {
                "amd_sev_snp": "",
                "core_count": 1,
                "threads_per_core": 1
              }
            ],
            "credit_specification": [
              {
                "cpu_credits": "standard"
              }
            ],
            "disable_api_stop": false,
            "disable_api_termination": false,
            "ebs_block_device": [],
            "ebs_optimized": false,
            "enable_primary_ipv6": null,
            "enclave_options": [
              {
                "enabled": false
              }
            ],
            "ephemeral_block_device": [],
            "get_password_data": false,
            "hibernation": false,
            "host_id": "",
            "host_resource_group_arn": null,
            "iam_instance_profile": "",
            "id": "i-081fa1c20c3153730",
            "instance_initiated_shutdown_behavior": "stop",
            "instance_lifecycle": "",
            "instance_market_options": [],
            "instance_state": "running",
            "instance_type": "t2.micro",
            "ipv6_address_count": 0,
            "ipv6_addresses": [],
            "key_name": "github-deploy-key",
            "launch_template": [],
            "maintenance_options": [
              {
                "auto_recovery": "default"
              }
            ],
            "metadata_options": [
              {
                "http_endpoint": "enabled",
                "http_protocol_ipv6": "disabled",
                "http_put_response_hop_limit": 1,
                "http_tokens": "optional",
                "instance_metadata_tags": "disabled"
              }
            ],
            "monitoring": false,
            "network_interface": [],
            "outpost_arn": "",
            "password_data": "",
            "placement_group": "",
            "placement_partition_number": 0,
            "primary_network_interface_id": "eni-0d2ada921c423399a",
            "private_dns": "ip-172-31-24-42.ec2.internal",
            "private_dns_name_options": [
              {
                "enable_resource_name_dns_a_record": false,
                "enable_resource_name_dns_aaaa_record": false,
                "hostname_type": "ip-name"
              }
            ],
            "private_ip": "172.31.24.42",
            "public_dns": "ec2-52-55-169-248.compute-1.amazonaws.com",
            "public_ip": "52.55.169.248",
            "region": "us-east-1",
            "root_block_device": [
              {
                "delete_on_termination": true,
                "device_name": "/dev/sda1",
                "encrypted": false,
                "iops": 100,
                "kms_key_id": "",
                "tags": {},
                "tags_all": {},
                "throughput": 0,
                "volume_id": "vol-0d690b5d9972839ae",
                "volume_size": 8,
                "volume_type": "gp2"
              }
            ],
            "secondary_private_ips": [],
            "security_groups": [
              "wisdom-flask-sg"
            ],
            "source_dest_check": true,
            "spot_instance_request_id": "",
            "subnet_id": "subnet-0365f6561c62a1575",
            "tags": {
              "Name": "Wisdom-Flask-EC2"
            },
            "tags_all": {
              "Name": "Wisdom-Flask-EC2"
            },
            "tenancy": "default",
            "timeouts": null,
            "user_data": null,
            "user_data_base64": null,
            "user_data_replace_on_change": false,
            "volume_tags": null,
            "vpc_security_group_ids": [
              "sg-0dab5297d16c40954"
            ]
          },
          "sensitive_attributes": [],
          "identity_schema_version": 0,
          "private": "eyJlMmJmYjczMC1lY2FhLTExZTYtOGY4OC0zNDM2M2JjN2M0YzAiOnsiY3JlYXRlIjo2MDAwMDAwMDAwMDAsImRlbGV0ZSI6MTIwMDAwMDAwMDAwMCwicmVhZCI6OTAwMDAwMDAwMDAwLCJ1cGRhdGUiOjYwMDAwMDAwMDAwMH0sInNjaGVtYV92ZXJzaW9uIjoiMiJ9",
          "dependencies": [
            "aws_key_pair.deployer",
            "aws_security_group.wisdom_sg"
          ]
        }
      ]
    },
    {
      "mode": "managed",
      "type": "aws_key_pair",
      "name": "deployer",
      "provider": "provider[\"registry.terraform.io/hashicorp/aws\"]",
      "instances": [
        {
          "schema_version": 1,
          "attributes": {
            "arn": "arn:aws:ec2:us-east-1:775143001467:key-pair/github-deploy-key",
            "fingerprint": "95:b2:a7:f2:43:fa:c5:20:ca:e1:b8:6a:f9:17:87:a6",
            "id": "github-deploy-key",
            "key_name": "github-deploy-key",
            "key_name_prefix": "",
            "key_pair_id": "key-07eb148f8086ae8ad",
            "key_type": "rsa",
            "public_key": "ssh-rsa AAAAB3NzaC1yc2EAAAADAQABAAACAQDR1wOLxx2DWVfmcH9war78kfH3psjdEFYGjFNJ4M9dwKDgp7GjGvFdYvchVxAwYwXrpZiKzJ1FevTWAFVB+1xe1qC+XEoX1OKFQYRZ36RfvpQVJUt1mfks4HgRPeIfy9tVMOK3dgXPVeNtFlaP3kpUrchyrh/HiAQW/TW7AxCVDqBakW6rjBY9AjShA5e51EX7gALr9zuiQtZ3N5K9SbCYTPxt7k+ULCS/wxQg19tZT/TnLwAwX3PoaYslYsWHR5RTsf9Zzc2PCZ1Z40y8anPnMNbpAOYPBB9ZVaVx6wWhdXpDrXMiDTbYhHydAP/wo5qXqMRQB7NduudTcOti7KJWcYAyHrTlI/MNdiOMCdKR5RlPiTEGjy9dsEVqpXMcLvAMHnsU+0zYO/+hR+ja5LET33BDOmOTmh4W/c+ZTO4Sr1wyMIOZwr4U77fNlOj9p3saYfRQKQSNOJQsBeYWennx6RA5NihuJ2F/X6Q02a5mUIgTLJez8Z5ZHwEKWUkb4MJJ7HulYQwf7IPEFx6/gQLR8AcGKompHUREGnWISon1LJpkSCPxjfnVepVABDgBHe/EVEyDKLejjh2ZQ4U95OJ5Ii1DkhI8J2NQKX44lo/9tTF9r78yynegrylufwAQmzrJlOXdOmwsUKqQt/AVj0Ia/KHCiF3LovTghjZ0WcRbzQ== user@firebase-wisdom-flask-ansible-1752222857253",
            "region": "us-east-1",
            "tags": null,
            "tags_all": {}
          },
          "sensitive_attributes": [],
          "identity_schema_version": 0,
          "private": "eyJzY2hlbWFfdmVyc2lvbiI6IjEifQ=="
        }
      ]
    },
    {
      "mode": "managed",
      "type": "aws_security_group",
      "name": "wisdom_sg",
      "provider": "provider[\"registry.terraform.io/hashicorp/aws\"]",
      "instances": [
        {
          "schema_version": 1,
          "attributes": {
            "arn": "arn:aws:ec2:us-east-1:775143001467:security-group/sg-0dab5297d16c40954",
            "description": "Managed by Terraform",
            "egress": [
              {
                "cidr_blocks": [
                  "0.0.0.0/0"
                ],
                "description": "",
                "from_port": 0,
                "ipv6_cidr_blocks": [],
                "prefix_list_ids": [],
                "protocol": "-1",
                "security_groups": [],
                "self": false,
                "to_port": 0
              }
            ],
            "id": "sg-0dab5297d16c40954",
            "ingress": [
              {
                "cidr_blocks": [
                  "0.0.0.0/0"
                ],
                "description": "",
                "from_port": 22,
                "ipv6_cidr_blocks": [],
                "prefix_list_ids": [],
                "protocol": "tcp",
                "security_groups": [],
                "self": false,
                "to_port": 22
              },
              {
                "cidr_blocks": [
                  "0.0.0.0/0"
                ],
                "description": "",
                "from_port": 5000,
                "ipv6_cidr_blocks": [],
                "prefix_list_ids": [],
                "protocol": "tcp",
                "security_groups": [],
                "self": false,
                "to_port": 5000
              }
            ],
            "name": "wisdom-flask-sg",
            "name_prefix": "",
            "owner_id": "775143001467",
            "region": "us-east-1",
            "revoke_rules_on_delete": false,
            "tags": null,
            "tags_all": {},
            "timeouts": null,
            "vpc_id": "vpc-02685e6ec7069d97c"
          },
          "sensitive_attributes": [],
          "identity_schema_version": 0,
          "private": "eyJlMmJmYjczMC1lY2FhLTExZTYtOGY4OC0zNDM2M2JjN2M0YzAiOnsiY3JlYXRlIjo2MDAwMDAwMDAwMDAsImRlbGV0ZSI6OTAwMDAwMDAwMDAwfSwic2NoZW1hX3ZlcnNpb24iOiIxIn0="
        }
      ]
    }
  ],
  "check_results": null
}
